
Microsoft Visual Studio Solution File, Format Version 12.00
# Visual Studio Version 16
VisualStudioVersion = 16.0.30907.101
MinimumVisualStudioVersion = 15.0.26124.0
Project("{2150E333-8FDC-42A3-9474-1A3956D46DE8}") = "src", "src", "{6EFECC3C-35A4-4647-9D5D-B668E5CAC96F}"
EndProject
Project("{2150E333-8FDC-42A3-9474-1A3956D46DE8}") = "BuildingBlocks", "BuildingBlocks", "{F2533847-EB6D-488F-B221-EDAB49AB87DE}"
EndProject
Project("{2150E333-8FDC-42A3-9474-1A3956D46DE8}") = "Caching", "Caching", "{076C40E1-1656-4DE4-AD5A-50F9702ED133}"
EndProject
Project("{2150E333-8FDC-42A3-9474-1A3956D46DE8}") = "EventBus", "EventBus", "{39568242-A89C-43FF-8FDE-2299DAB1448B}"
EndProject
Project("{2150E333-8FDC-42A3-9474-1A3956D46DE8}") = "Shared", "Shared", "{136B5447-8028-490F-958C-DFE05C89E69B}"
EndProject
Project("{2150E333-8FDC-42A3-9474-1A3956D46DE8}") = "Services", "Services", "{53F0A0F0-FE5C-4748-A45B-70712708DCC6}"
EndProject
Project("{2150E333-8FDC-42A3-9474-1A3956D46DE8}") = "Identity", "Identity", "{CF020B2D-6F33-4BBF-95D6-23626CA4B31B}"
EndProject
Project("{2150E333-8FDC-42A3-9474-1A3956D46DE8}") = "Web Apps", "Web Apps", "{95A7A296-58C1-45CF-B100-D771CFCE1D15}"
EndProject
Project("{9A19103F-16F7-4668-BE54-9A1E7A4F7556}") = "Windgram.Identity.ApplicationCore", "Services\Identity\Windgram.Identity.ApplicationCore\Windgram.Identity.ApplicationCore.csproj", "{9240B59E-0C24-41DB-898B-686DD5705AE3}"
EndProject
Project("{9A19103F-16F7-4668-BE54-9A1E7A4F7556}") = "Windgram.Identity.Infrastructure", "Services\Identity\Windgram.Identity.Infrastructure\Windgram.Identity.Infrastructure.csproj", "{3416C7BF-E147-48DF-B937-6DC83CDE1F50}"
EndProject
Project("{9A19103F-16F7-4668-BE54-9A1E7A4F7556}") = "Windgram.Identity.STS", "Services\Identity\Windgram.Identity.STS\Windgram.Identity.STS.csproj", "{96BBAC10-DCA2-4832-A0CF-5582CEB6AE40}"
EndProject
Project("{9A19103F-16F7-4668-BE54-9A1E7A4F7556}") = "Windgram.Identity.API", "Services\Identity\Windgram.Identity.API\Windgram.Identity.API.csproj", "{0A001BAC-8880-4156-B98B-C993D1B0B55F}"
EndProject
Project("{9A19103F-16F7-4668-BE54-9A1E7A4F7556}") = "Windgram.Caching", "BuildingBlocks\Caching\Windgram.Caching\Windgram.Caching.csproj", "{813B80D6-2D57-4168-ABEB-F2C6D3B4F7D0}"
EndProject
Project("{9A19103F-16F7-4668-BE54-9A1E7A4F7556}") = "Windgram.Caching.Redis", "BuildingBlocks\Caching\Windgram.Caching.Redis\Windgram.Caching.Redis.csproj", "{AC8A30AC-452A-4DC5-BDE6-1B9FF98BA60B}"
EndProject
Project("{9A19103F-16F7-4668-BE54-9A1E7A4F7556}") = "Windgram.Caching.IntegrationTests", "Tests\Windgram.Caching.IntegrationTests\Windgram.Caching.IntegrationTests.csproj", "{0516332A-7EE6-497F-A72E-6409D5172F95}"
EndProject
Project("{9A19103F-16F7-4668-BE54-9A1E7A4F7556}") = "Windgram.Caching.Redis.IntegrationTests", "Tests\Windgram.Caching.Redis.IntegrationTests\Windgram.Caching.Redis.IntegrationTests.csproj", "{133E53A8-DB66-4A1E-AE1B-3C235E76D0AE}"
EndProject
Project("{2150E333-8FDC-42A3-9474-1A3956D46DE8}") = "tests", "tests", "{58624B46-2DE7-4C2F-9815-F8082B149994}"
EndProject
Project("{2150E333-8FDC-42A3-9474-1A3956D46DE8}") = "Caching", "Caching", "{CDEFC93B-4A83-4CB5-860D-A55253A51A4F}"
EndProject
Project("{2150E333-8FDC-42A3-9474-1A3956D46DE8}") = "BuildingBlocks", "BuildingBlocks", "{3473FA61-4D27-4803-AC45-3BDAE0FD84C9}"
EndProject
Project("{2150E333-8FDC-42A3-9474-1A3956D46DE8}") = "EventBus", "EventBus", "{7D149C01-887D-495A-A4A6-6FEFCBB13D7B}"
EndProject
Project("{9A19103F-16F7-4668-BE54-9A1E7A4F7556}") = "Windgram.EventBus", "BuildingBlocks\EventBus\Windgram.EventBus\Windgram.EventBus.csproj", "{C79EC383-127A-48C4-974F-4DA2D7857AEE}"
EndProject
Project("{9A19103F-16F7-4668-BE54-9A1E7A4F7556}") = "Windgram.EventBus.RabbitMQ", "BuildingBlocks\EventBus\Windgram.EventBus.RabbitMQ\Windgram.EventBus.RabbitMQ.csproj", "{E898D1F6-FDD8-483A-B666-605590A4B32A}"
EndProject
Project("{9A19103F-16F7-4668-BE54-9A1E7A4F7556}") = "Windgram.EventBus.IntegrationTests", "Tests\Windgram.EventBus.IntegrationTests\Windgram.EventBus.IntegrationTests.csproj", "{A51A3491-BDE6-4932-95E5-B96AC898F148}"
EndProject
Project("{9A19103F-16F7-4668-BE54-9A1E7A4F7556}") = "Windgram.EventBus.RabbitMQ.IntegrationTests", "Tests\Windgram.EventBus.RabbitMQ.IntegrationTests\Windgram.EventBus.RabbitMQ.IntegrationTests.csproj", "{B9C09E92-C989-42C6-8BF7-7023C4B8B00B}"
EndProject
Project("{FAE04EC0-301F-11D3-BF4B-00C04F79EFBC}") = "Windgram.Shared.Application", "BuildingBlocks\Shared\Windgram.Shared.Application\Windgram.Shared.Application.csproj", "{E4258BAA-AA04-4E79-A179-02907A25EC9D}"
EndProject
Project("{FAE04EC0-301F-11D3-BF4B-00C04F79EFBC}") = "Windgram.Shared.Domain", "BuildingBlocks\Shared\Windgram.Shared.Domain\Windgram.Shared.Domain.csproj", "{85AA9423-D1C6-48E1-83A2-8353186339FB}"
EndProject
Project("{FAE04EC0-301F-11D3-BF4B-00C04F79EFBC}") = "Windgram.Shared.Web", "BuildingBlocks\Shared\Windgram.Shared.Web\Windgram.Shared.Web.csproj", "{77882642-FAEF-4652-8838-78772B7D97EC}"
EndProject
Project("{FAE04EC0-301F-11D3-BF4B-00C04F79EFBC}") = "Windgram.Portal.WebSPA", "WebApps\Windgram.Portal.WebSPA\Windgram.Portal.WebSPA.csproj", "{2D3BF91A-603D-486C-9799-A05CE9CBA465}"
EndProject
Global
	GlobalSection(SolutionConfigurationPlatforms) = preSolution
		Debug|Any CPU = Debug|Any CPU
		Debug|x64 = Debug|x64
		Debug|x86 = Debug|x86
		Release|Any CPU = Release|Any CPU
		Release|x64 = Release|x64
		Release|x86 = Release|x86
	EndGlobalSection
	GlobalSection(ProjectConfigurationPlatforms) = postSolution
		{9240B59E-0C24-41DB-898B-686DD5705AE3}.Debug|Any CPU.ActiveCfg = Debug|Any CPU
		{9240B59E-0C24-41DB-898B-686DD5705AE3}.Debug|Any CPU.Build.0 = Debug|Any CPU
		{9240B59E-0C24-41DB-898B-686DD5705AE3}.Debug|x64.ActiveCfg = Debug|Any CPU
		{9240B59E-0C24-41DB-898B-686DD5705AE3}.Debug|x64.Build.0 = Debug|Any CPU
		{9240B59E-0C24-41DB-898B-686DD5705AE3}.Debug|x86.ActiveCfg = Debug|Any CPU
		{9240B59E-0C24-41DB-898B-686DD5705AE3}.Debug|x86.Build.0 = Debug|Any CPU
		{9240B59E-0C24-41DB-898B-686DD5705AE3}.Release|Any CPU.ActiveCfg = Release|Any CPU
		{9240B59E-0C24-41DB-898B-686DD5705AE3}.Release|Any CPU.Build.0 = Release|Any CPU
		{9240B59E-0C24-41DB-898B-686DD5705AE3}.Release|x64.ActiveCfg = Release|Any CPU
		{9240B59E-0C24-41DB-898B-686DD5705AE3}.Release|x64.Build.0 = Release|Any CPU
		{9240B59E-0C24-41DB-898B-686DD5705AE3}.Release|x86.ActiveCfg = Release|Any CPU
		{9240B59E-0C24-41DB-898B-686DD5705AE3}.Release|x86.Build.0 = Release|Any CPU
		{3416C7BF-E147-48DF-B937-6DC83CDE1F50}.Debug|Any CPU.ActiveCfg = Debug|Any CPU
		{3416C7BF-E147-48DF-B937-6DC83CDE1F50}.Debug|Any CPU.Build.0 = Debug|Any CPU
		{3416C7BF-E147-48DF-B937-6DC83CDE1F50}.Debug|x64.ActiveCfg = Debug|Any CPU
		{3416C7BF-E147-48DF-B937-6DC83CDE1F50}.Debug|x64.Build.0 = Debug|Any CPU
		{3416C7BF-E147-48DF-B937-6DC83CDE1F50}.Debug|x86.ActiveCfg = Debug|Any CPU
		{3416C7BF-E147-48DF-B937-6DC83CDE1F50}.Debug|x86.Build.0 = Debug|Any CPU
		{3416C7BF-E147-48DF-B937-6DC83CDE1F50}.Release|Any CPU.ActiveCfg = Release|Any CPU
		{3416C7BF-E147-48DF-B937-6DC83CDE1F50}.Release|Any CPU.Build.0 = Release|Any CPU
		{3416C7BF-E147-48DF-B937-6DC83CDE1F50}.Release|x64.ActiveCfg = Release|Any CPU
		{3416C7BF-E147-48DF-B937-6DC83CDE1F50}.Release|x64.Build.0 = Release|Any CPU
		{3416C7BF-E147-48DF-B937-6DC83CDE1F50}.Release|x86.ActiveCfg = Release|Any CPU
		{3416C7BF-E147-48DF-B937-6DC83CDE1F50}.Release|x86.Build.0 = Release|Any CPU
		{96BBAC10-DCA2-4832-A0CF-5582CEB6AE40}.Debug|Any CPU.ActiveCfg = Debug|Any CPU
		{96BBAC10-DCA2-4832-A0CF-5582CEB6AE40}.Debug|Any CPU.Build.0 = Debug|Any CPU
		{96BBAC10-DCA2-4832-A0CF-5582CEB6AE40}.Debug|x64.ActiveCfg = Debug|Any CPU
		{96BBAC10-DCA2-4832-A0CF-5582CEB6AE40}.Debug|x64.Build.0 = Debug|Any CPU
		{96BBAC10-DCA2-4832-A0CF-5582CEB6AE40}.Debug|x86.ActiveCfg = Debug|Any CPU
		{96BBAC10-DCA2-4832-A0CF-5582CEB6AE40}.Debug|x86.Build.0 = Debug|Any CPU
		{96BBAC10-DCA2-4832-A0CF-5582CEB6AE40}.Release|Any CPU.ActiveCfg = Release|Any CPU
		{96BBAC10-DCA2-4832-A0CF-5582CEB6AE40}.Release|Any CPU.Build.0 = Release|Any CPU
		{96BBAC10-DCA2-4832-A0CF-5582CEB6AE40}.Release|x64.ActiveCfg = Release|Any CPU
		{96BBAC10-DCA2-4832-A0CF-5582CEB6AE40}.Release|x64.Build.0 = Release|Any CPU
		{96BBAC10-DCA2-4832-A0CF-5582CEB6AE40}.Release|x86.ActiveCfg = Release|Any CPU
		{96BBAC10-DCA2-4832-A0CF-5582CEB6AE40}.Release|x86.Build.0 = Release|Any CPU
		{0A001BAC-8880-4156-B98B-C993D1B0B55F}.Debug|Any CPU.ActiveCfg = Debug|Any CPU
		{0A001BAC-8880-4156-B98B-C993D1B0B55F}.Debug|Any CPU.Build.0 = Debug|Any CPU
		{0A001BAC-8880-4156-B98B-C993D1B0B55F}.Debug|x64.ActiveCfg = Debug|Any CPU
		{0A001BAC-8880-4156-B98B-C993D1B0B55F}.Debug|x64.Build.0 = Debug|Any CPU
		{0A001BAC-8880-4156-B98B-C993D1B0B55F}.Debug|x86.ActiveCfg = Debug|Any CPU
		{0A001BAC-8880-4156-B98B-C993D1B0B55F}.Debug|x86.Build.0 = Debug|Any CPU
		{0A001BAC-8880-4156-B98B-C993D1B0B55F}.Release|Any CPU.ActiveCfg = Release|Any CPU
		{0A001BAC-8880-4156-B98B-C993D1B0B55F}.Release|Any CPU.Build.0 = Release|Any CPU
		{0A001BAC-8880-4156-B98B-C993D1B0B55F}.Release|x64.ActiveCfg = Release|Any CPU
		{0A001BAC-8880-4156-B98B-C993D1B0B55F}.Release|x64.Build.0 = Release|Any CPU
		{0A001BAC-8880-4156-B98B-C993D1B0B55F}.Release|x86.ActiveCfg = Release|Any CPU
		{0A001BAC-8880-4156-B98B-C993D1B0B55F}.Release|x86.Build.0 = Release|Any CPU
		{813B80D6-2D57-4168-ABEB-F2C6D3B4F7D0}.Debug|Any CPU.ActiveCfg = Debug|Any CPU
		{813B80D6-2D57-4168-ABEB-F2C6D3B4F7D0}.Debug|Any CPU.Build.0 = Debug|Any CPU
		{813B80D6-2D57-4168-ABEB-F2C6D3B4F7D0}.Debug|x64.ActiveCfg = Debug|Any CPU
		{813B80D6-2D57-4168-ABEB-F2C6D3B4F7D0}.Debug|x64.Build.0 = Debug|Any CPU
		{813B80D6-2D57-4168-ABEB-F2C6D3B4F7D0}.Debug|x86.ActiveCfg = Debug|Any CPU
		{813B80D6-2D57-4168-ABEB-F2C6D3B4F7D0}.Debug|x86.Build.0 = Debug|Any CPU
		{813B80D6-2D57-4168-ABEB-F2C6D3B4F7D0}.Release|Any CPU.ActiveCfg = Release|Any CPU
		{813B80D6-2D57-4168-ABEB-F2C6D3B4F7D0}.Release|Any CPU.Build.0 = Release|Any CPU
		{813B80D6-2D57-4168-ABEB-F2C6D3B4F7D0}.Release|x64.ActiveCfg = Release|Any CPU
		{813B80D6-2D57-4168-ABEB-F2C6D3B4F7D0}.Release|x64.Build.0 = Release|Any CPU
		{813B80D6-2D57-4168-ABEB-F2C6D3B4F7D0}.Release|x86.ActiveCfg = Release|Any CPU
		{813B80D6-2D57-4168-ABEB-F2C6D3B4F7D0}.Release|x86.Build.0 = Release|Any CPU
		{AC8A30AC-452A-4DC5-BDE6-1B9FF98BA60B}.Debug|Any CPU.ActiveCfg = Debug|Any CPU
		{AC8A30AC-452A-4DC5-BDE6-1B9FF98BA60B}.Debug|Any CPU.Build.0 = Debug|Any CPU
		{AC8A30AC-452A-4DC5-BDE6-1B9FF98BA60B}.Debug|x64.ActiveCfg = Debug|Any CPU
		{AC8A30AC-452A-4DC5-BDE6-1B9FF98BA60B}.Debug|x64.Build.0 = Debug|Any CPU
		{AC8A30AC-452A-4DC5-BDE6-1B9FF98BA60B}.Debug|x86.ActiveCfg = Debug|Any CPU
		{AC8A30AC-452A-4DC5-BDE6-1B9FF98BA60B}.Debug|x86.Build.0 = Debug|Any CPU
		{AC8A30AC-452A-4DC5-BDE6-1B9FF98BA60B}.Release|Any CPU.ActiveCfg = Release|Any CPU
		{AC8A30AC-452A-4DC5-BDE6-1B9FF98BA60B}.Release|Any CPU.Build.0 = Release|Any CPU
		{AC8A30AC-452A-4DC5-BDE6-1B9FF98BA60B}.Release|x64.ActiveCfg = Release|Any CPU
		{AC8A30AC-452A-4DC5-BDE6-1B9FF98BA60B}.Release|x64.Build.0 = Release|Any CPU
		{AC8A30AC-452A-4DC5-BDE6-1B9FF98BA60B}.Release|x86.ActiveCfg = Release|Any CPU
		{AC8A30AC-452A-4DC5-BDE6-1B9FF98BA60B}.Release|x86.Build.0 = Release|Any CPU
		{0516332A-7EE6-497F-A72E-6409D5172F95}.Debug|Any CPU.ActiveCfg = Debug|Any CPU
		{0516332A-7EE6-497F-A72E-6409D5172F95}.Debug|Any CPU.Build.0 = Debug|Any CPU
		{0516332A-7EE6-497F-A72E-6409D5172F95}.Debug|x64.ActiveCfg = Debug|Any CPU
		{0516332A-7EE6-497F-A72E-6409D5172F95}.Debug|x64.Build.0 = Debug|Any CPU
		{0516332A-7EE6-497F-A72E-6409D5172F95}.Debug|x86.ActiveCfg = Debug|Any CPU
		{0516332A-7EE6-497F-A72E-6409D5172F95}.Debug|x86.Build.0 = Debug|Any CPU
		{0516332A-7EE6-497F-A72E-6409D5172F95}.Release|Any CPU.ActiveCfg = Release|Any CPU
		{0516332A-7EE6-497F-A72E-6409D5172F95}.Release|Any CPU.Build.0 = Release|Any CPU
		{0516332A-7EE6-497F-A72E-6409D5172F95}.Release|x64.ActiveCfg = Release|Any CPU
		{0516332A-7EE6-497F-A72E-6409D5172F95}.Release|x64.Build.0 = Release|Any CPU
		{0516332A-7EE6-497F-A72E-6409D5172F95}.Release|x86.ActiveCfg = Release|Any CPU
		{0516332A-7EE6-497F-A72E-6409D5172F95}.Release|x86.Build.0 = Release|Any CPU
		{133E53A8-DB66-4A1E-AE1B-3C235E76D0AE}.Debug|Any CPU.ActiveCfg = Debug|Any CPU
		{133E53A8-DB66-4A1E-AE1B-3C235E76D0AE}.Debug|Any CPU.Build.0 = Debug|Any CPU
		{133E53A8-DB66-4A1E-AE1B-3C235E76D0AE}.Debug|x64.ActiveCfg = Debug|Any CPU
		{133E53A8-DB66-4A1E-AE1B-3C235E76D0AE}.Debug|x64.Build.0 = Debug|Any CPU
		{133E53A8-DB66-4A1E-AE1B-3C235E76D0AE}.Debug|x86.ActiveCfg = Debug|Any CPU
		{133E53A8-DB66-4A1E-AE1B-3C235E76D0AE}.Debug|x86.Build.0 = Debug|Any CPU
		{133E53A8-DB66-4A1E-AE1B-3C235E76D0AE}.Release|Any CPU.ActiveCfg = Release|Any CPU
		{133E53A8-DB66-4A1E-AE1B-3C235E76D0AE}.Release|Any CPU.Build.0 = Release|Any CPU
		{133E53A8-DB66-4A1E-AE1B-3C235E76D0AE}.Release|x64.ActiveCfg = Release|Any CPU
		{133E53A8-DB66-4A1E-AE1B-3C235E76D0AE}.Release|x64.Build.0 = Release|Any CPU
		{133E53A8-DB66-4A1E-AE1B-3C235E76D0AE}.Release|x86.ActiveCfg = Release|Any CPU
		{133E53A8-DB66-4A1E-AE1B-3C235E76D0AE}.Release|x86.Build.0 = Release|Any CPU
		{C79EC383-127A-48C4-974F-4DA2D7857AEE}.Debug|Any CPU.ActiveCfg = Debug|Any CPU
		{C79EC383-127A-48C4-974F-4DA2D7857AEE}.Debug|Any CPU.Build.0 = Debug|Any CPU
		{C79EC383-127A-48C4-974F-4DA2D7857AEE}.Debug|x64.ActiveCfg = Debug|Any CPU
		{C79EC383-127A-48C4-974F-4DA2D7857AEE}.Debug|x64.Build.0 = Debug|Any CPU
		{C79EC383-127A-48C4-974F-4DA2D7857AEE}.Debug|x86.ActiveCfg = Debug|Any CPU
		{C79EC383-127A-48C4-974F-4DA2D7857AEE}.Debug|x86.Build.0 = Debug|Any CPU
		{C79EC383-127A-48C4-974F-4DA2D7857AEE}.Release|Any CPU.ActiveCfg = Release|Any CPU
		{C79EC383-127A-48C4-974F-4DA2D7857AEE}.Release|Any CPU.Build.0 = Release|Any CPU
		{C79EC383-127A-48C4-974F-4DA2D7857AEE}.Release|x64.ActiveCfg = Release|Any CPU
		{C79EC383-127A-48C4-974F-4DA2D7857AEE}.Release|x64.Build.0 = Release|Any CPU
		{C79EC383-127A-48C4-974F-4DA2D7857AEE}.Release|x86.ActiveCfg = Release|Any CPU
		{C79EC383-127A-48C4-974F-4DA2D7857AEE}.Release|x86.Build.0 = Release|Any CPU
		{E898D1F6-FDD8-483A-B666-605590A4B32A}.Debug|Any CPU.ActiveCfg = Debug|Any CPU
		{E898D1F6-FDD8-483A-B666-605590A4B32A}.Debug|Any CPU.Build.0 = Debug|Any CPU
		{E898D1F6-FDD8-483A-B666-605590A4B32A}.Debug|x64.ActiveCfg = Debug|Any CPU
		{E898D1F6-FDD8-483A-B666-605590A4B32A}.Debug|x64.Build.0 = Debug|Any CPU
		{E898D1F6-FDD8-483A-B666-605590A4B32A}.Debug|x86.ActiveCfg = Debug|Any CPU
		{E898D1F6-FDD8-483A-B666-605590A4B32A}.Debug|x86.Build.0 = Debug|Any CPU
		{E898D1F6-FDD8-483A-B666-605590A4B32A}.Release|Any CPU.ActiveCfg = Release|Any CPU
		{E898D1F6-FDD8-483A-B666-605590A4B32A}.Release|Any CPU.Build.0 = Release|Any CPU
		{E898D1F6-FDD8-483A-B666-605590A4B32A}.Release|x64.ActiveCfg = Release|Any CPU
		{E898D1F6-FDD8-483A-B666-605590A4B32A}.Release|x64.Build.0 = Release|Any CPU
		{E898D1F6-FDD8-483A-B666-605590A4B32A}.Release|x86.ActiveCfg = Release|Any CPU
		{E898D1F6-FDD8-483A-B666-605590A4B32A}.Release|x86.Build.0 = Release|Any CPU
		{A51A3491-BDE6-4932-95E5-B96AC898F148}.Debug|Any CPU.ActiveCfg = Debug|Any CPU
		{A51A3491-BDE6-4932-95E5-B96AC898F148}.Debug|Any CPU.Build.0 = Debug|Any CPU
		{A51A3491-BDE6-4932-95E5-B96AC898F148}.Debug|x64.ActiveCfg = Debug|Any CPU
		{A51A3491-BDE6-4932-95E5-B96AC898F148}.Debug|x64.Build.0 = Debug|Any CPU
		{A51A3491-BDE6-4932-95E5-B96AC898F148}.Debug|x86.ActiveCfg = Debug|Any CPU
		{A51A3491-BDE6-4932-95E5-B96AC898F148}.Debug|x86.Build.0 = Debug|Any CPU
		{A51A3491-BDE6-4932-95E5-B96AC898F148}.Release|Any CPU.ActiveCfg = Release|Any CPU
		{A51A3491-BDE6-4932-95E5-B96AC898F148}.Release|Any CPU.Build.0 = Release|Any CPU
		{A51A3491-BDE6-4932-95E5-B96AC898F148}.Release|x64.ActiveCfg = Release|Any CPU
		{A51A3491-BDE6-4932-95E5-B96AC898F148}.Release|x64.Build.0 = Release|Any CPU
		{A51A3491-BDE6-4932-95E5-B96AC898F148}.Release|x86.ActiveCfg = Release|Any CPU
		{A51A3491-BDE6-4932-95E5-B96AC898F148}.Release|x86.Build.0 = Release|Any CPU
		{B9C09E92-C989-42C6-8BF7-7023C4B8B00B}.Debug|Any CPU.ActiveCfg = Debug|Any CPU
		{B9C09E92-C989-42C6-8BF7-7023C4B8B00B}.Debug|Any CPU.Build.0 = Debug|Any CPU
		{B9C09E92-C989-42C6-8BF7-7023C4B8B00B}.Debug|x64.ActiveCfg = Debug|Any CPU
		{B9C09E92-C989-42C6-8BF7-7023C4B8B00B}.Debug|x64.Build.0 = Debug|Any CPU
		{B9C09E92-C989-42C6-8BF7-7023C4B8B00B}.Debug|x86.ActiveCfg = Debug|Any CPU
		{B9C09E92-C989-42C6-8BF7-7023C4B8B00B}.Debug|x86.Build.0 = Debug|Any CPU
		{B9C09E92-C989-42C6-8BF7-7023C4B8B00B}.Release|Any CPU.ActiveCfg = Release|Any CPU
		{B9C09E92-C989-42C6-8BF7-7023C4B8B00B}.Release|Any CPU.Build.0 = Release|Any CPU
		{B9C09E92-C989-42C6-8BF7-7023C4B8B00B}.Release|x64.ActiveCfg = Release|Any CPU
		{B9C09E92-C989-42C6-8BF7-7023C4B8B00B}.Release|x64.Build.0 = Release|Any CPU
		{B9C09E92-C989-42C6-8BF7-7023C4B8B00B}.Release|x86.ActiveCfg = Release|Any CPU
		{B9C09E92-C989-42C6-8BF7-7023C4B8B00B}.Release|x86.Build.0 = Release|Any CPU
		{E4258BAA-AA04-4E79-A179-02907A25EC9D}.Debug|Any CPU.ActiveCfg = Debug|Any CPU
		{E4258BAA-AA04-4E79-A179-02907A25EC9D}.Debug|Any CPU.Build.0 = Debug|Any CPU
		{E4258BAA-AA04-4E79-A179-02907A25EC9D}.Debug|x64.ActiveCfg = Debug|Any CPU
		{E4258BAA-AA04-4E79-A179-02907A25EC9D}.Debug|x64.Build.0 = Debug|Any CPU
		{E4258BAA-AA04-4E79-A179-02907A25EC9D}.Debug|x86.ActiveCfg = Debug|Any CPU
		{E4258BAA-AA04-4E79-A179-02907A25EC9D}.Debug|x86.Build.0 = Debug|Any CPU
		{E4258BAA-AA04-4E79-A179-02907A25EC9D}.Release|Any CPU.ActiveCfg = Release|Any CPU
		{E4258BAA-AA04-4E79-A179-02907A25EC9D}.Release|Any CPU.Build.0 = Release|Any CPU
		{E4258BAA-AA04-4E79-A179-02907A25EC9D}.Release|x64.ActiveCfg = Release|Any CPU
		{E4258BAA-AA04-4E79-A179-02907A25EC9D}.Release|x64.Build.0 = Release|Any CPU
		{E4258BAA-AA04-4E79-A179-02907A25EC9D}.Release|x86.ActiveCfg = Release|Any CPU
		{E4258BAA-AA04-4E79-A179-02907A25EC9D}.Release|x86.Build.0 = Release|Any CPU
		{85AA9423-D1C6-48E1-83A2-8353186339FB}.Debug|Any CPU.ActiveCfg = Debug|Any CPU
		{85AA9423-D1C6-48E1-83A2-8353186339FB}.Debug|Any CPU.Build.0 = Debug|Any CPU
		{85AA9423-D1C6-48E1-83A2-8353186339FB}.Debug|x64.ActiveCfg = Debug|Any CPU
		{85AA9423-D1C6-48E1-83A2-8353186339FB}.Debug|x64.Build.0 = Debug|Any CPU
		{85AA9423-D1C6-48E1-83A2-8353186339FB}.Debug|x86.ActiveCfg = Debug|Any CPU
		{85AA9423-D1C6-48E1-83A2-8353186339FB}.Debug|x86.Build.0 = Debug|Any CPU
		{85AA9423-D1C6-48E1-83A2-8353186339FB}.Release|Any CPU.ActiveCfg = Release|Any CPU
		{85AA9423-D1C6-48E1-83A2-8353186339FB}.Release|Any CPU.Build.0 = Release|Any CPU
		{85AA9423-D1C6-48E1-83A2-8353186339FB}.Release|x64.ActiveCfg = Release|Any CPU
		{85AA9423-D1C6-48E1-83A2-8353186339FB}.Release|x64.Build.0 = Release|Any CPU
		{85AA9423-D1C6-48E1-83A2-8353186339FB}.Release|x86.ActiveCfg = Release|Any CPU
		{85AA9423-D1C6-48E1-83A2-8353186339FB}.Release|x86.Build.0 = Release|Any CPU
		{77882642-FAEF-4652-8838-78772B7D97EC}.Debug|Any CPU.ActiveCfg = Debug|Any CPU
		{77882642-FAEF-4652-8838-78772B7D97EC}.Debug|Any CPU.Build.0 = Debug|Any CPU
		{77882642-FAEF-4652-8838-78772B7D97EC}.Debug|x64.ActiveCfg = Debug|Any CPU
		{77882642-FAEF-4652-8838-78772B7D97EC}.Debug|x64.Build.0 = Debug|Any CPU
		{77882642-FAEF-4652-8838-78772B7D97EC}.Debug|x86.ActiveCfg = Debug|Any CPU
		{77882642-FAEF-4652-8838-78772B7D97EC}.Debug|x86.Build.0 = Debug|Any CPU
		{77882642-FAEF-4652-8838-78772B7D97EC}.Release|Any CPU.ActiveCfg = Release|Any CPU
		{77882642-FAEF-4652-8838-78772B7D97EC}.Release|Any CPU.Build.0 = Release|Any CPU
		{77882642-FAEF-4652-8838-78772B7D97EC}.Release|x64.ActiveCfg = Release|Any CPU
		{77882642-FAEF-4652-8838-78772B7D97EC}.Release|x64.Build.0 = Release|Any CPU
		{77882642-FAEF-4652-8838-78772B7D97EC}.Release|x86.ActiveCfg = Release|Any CPU
		{77882642-FAEF-4652-8838-78772B7D97EC}.Release|x86.Build.0 = Release|Any CPU
		{2D3BF91A-603D-486C-9799-A05CE9CBA465}.Debug|Any CPU.ActiveCfg = Debug|Any CPU
		{2D3BF91A-603D-486C-9799-A05CE9CBA465}.Debug|Any CPU.Build.0 = Debug|Any CPU
		{2D3BF91A-603D-486C-9799-A05CE9CBA465}.Debug|x64.ActiveCfg = Debug|Any CPU
		{2D3BF91A-603D-486C-9799-A05CE9CBA465}.Debug|x64.Build.0 = Debug|Any CPU
		{2D3BF91A-603D-486C-9799-A05CE9CBA465}.Debug|x86.ActiveCfg = Debug|Any CPU
		{2D3BF91A-603D-486C-9799-A05CE9CBA465}.Debug|x86.Build.0 = Debug|Any CPU
		{2D3BF91A-603D-486C-9799-A05CE9CBA465}.Release|Any CPU.ActiveCfg = Release|Any CPU
		{2D3BF91A-603D-486C-9799-A05CE9CBA465}.Release|Any CPU.Build.0 = Release|Any CPU
		{2D3BF91A-603D-486C-9799-A05CE9CBA465}.Release|x64.ActiveCfg = Release|Any CPU
		{2D3BF91A-603D-486C-9799-A05CE9CBA465}.Release|x64.Build.0 = Release|Any CPU
		{2D3BF91A-603D-486C-9799-A05CE9CBA465}.Release|x86.ActiveCfg = Release|Any CPU
		{2D3BF91A-603D-486C-9799-A05CE9CBA465}.Release|x86.Build.0 = Release|Any CPU
	EndGlobalSection
	GlobalSection(SolutionProperties) = preSolution
		HideSolutionNode = FALSE
	EndGlobalSection
	GlobalSection(NestedProjects) = preSolution
		{F2533847-EB6D-488F-B221-EDAB49AB87DE} = {6EFECC3C-35A4-4647-9D5D-B668E5CAC96F}
		{076C40E1-1656-4DE4-AD5A-50F9702ED133} = {F2533847-EB6D-488F-B221-EDAB49AB87DE}
		{39568242-A89C-43FF-8FDE-2299DAB1448B} = {F2533847-EB6D-488F-B221-EDAB49AB87DE}
		{136B5447-8028-490F-958C-DFE05C89E69B} = {F2533847-EB6D-488F-B221-EDAB49AB87DE}
		{53F0A0F0-FE5C-4748-A45B-70712708DCC6} = {6EFECC3C-35A4-4647-9D5D-B668E5CAC96F}
		{CF020B2D-6F33-4BBF-95D6-23626CA4B31B} = {53F0A0F0-FE5C-4748-A45B-70712708DCC6}
		{95A7A296-58C1-45CF-B100-D771CFCE1D15} = {6EFECC3C-35A4-4647-9D5D-B668E5CAC96F}
		{9240B59E-0C24-41DB-898B-686DD5705AE3} = {CF020B2D-6F33-4BBF-95D6-23626CA4B31B}
		{3416C7BF-E147-48DF-B937-6DC83CDE1F50} = {CF020B2D-6F33-4BBF-95D6-23626CA4B31B}
		{96BBAC10-DCA2-4832-A0CF-5582CEB6AE40} = {CF020B2D-6F33-4BBF-95D6-23626CA4B31B}
		{0A001BAC-8880-4156-B98B-C993D1B0B55F} = {CF020B2D-6F33-4BBF-95D6-23626CA4B31B}
		{813B80D6-2D57-4168-ABEB-F2C6D3B4F7D0} = {076C40E1-1656-4DE4-AD5A-50F9702ED133}
		{AC8A30AC-452A-4DC5-BDE6-1B9FF98BA60B} = {076C40E1-1656-4DE4-AD5A-50F9702ED133}
		{0516332A-7EE6-497F-A72E-6409D5172F95} = {CDEFC93B-4A83-4CB5-860D-A55253A51A4F}
		{133E53A8-DB66-4A1E-AE1B-3C235E76D0AE} = {CDEFC93B-4A83-4CB5-860D-A55253A51A4F}
		{CDEFC93B-4A83-4CB5-860D-A55253A51A4F} = {3473FA61-4D27-4803-AC45-3BDAE0FD84C9}
		{3473FA61-4D27-4803-AC45-3BDAE0FD84C9} = {58624B46-2DE7-4C2F-9815-F8082B149994}
		{7D149C01-887D-495A-A4A6-6FEFCBB13D7B} = {3473FA61-4D27-4803-AC45-3BDAE0FD84C9}
		{C79EC383-127A-48C4-974F-4DA2D7857AEE} = {39568242-A89C-43FF-8FDE-2299DAB1448B}
		{E898D1F6-FDD8-483A-B666-605590A4B32A} = {39568242-A89C-43FF-8FDE-2299DAB1448B}
		{A51A3491-BDE6-4932-95E5-B96AC898F148} = {7D149C01-887D-495A-A4A6-6FEFCBB13D7B}
		{B9C09E92-C989-42C6-8BF7-7023C4B8B00B} = {7D149C01-887D-495A-A4A6-6FEFCBB13D7B}
		{E4258BAA-AA04-4E79-A179-02907A25EC9D} = {136B5447-8028-490F-958C-DFE05C89E69B}
		{85AA9423-D1C6-48E1-83A2-8353186339FB} = {136B5447-8028-490F-958C-DFE05C89E69B}
		{77882642-FAEF-4652-8838-78772B7D97EC} = {136B5447-8028-490F-958C-DFE05C89E69B}
		{2D3BF91A-603D-486C-9799-A05CE9CBA465} = {95A7A296-58C1-45CF-B100-D771CFCE1D15}
	EndGlobalSection
	GlobalSection(ExtensibilityGlobals) = postSolution
		SolutionGuid = {2C727DE7-287A-404D-B453-C180A0AB27FF}
	EndGlobalSection
EndGlobal
