
Microsoft Visual Studio Solution File, Format Version 12.00
# Visual Studio Version 16
VisualStudioVersion = 16.0.30907.101
MinimumVisualStudioVersion = 15.0.26124.0
Project("{2150E333-8FDC-42A3-9474-1A3956D46DE8}") = "src", "src", "{6EFECC3C-35A4-4647-9D5D-B668E5CAC96F}"
EndProject
Project("{2150E333-8FDC-42A3-9474-1A3956D46DE8}") = "BuildingBlocks", "BuildingBlocks", "{F2533847-EB6D-488F-B221-EDAB49AB87DE}"
EndProject
Project("{2150E333-8FDC-42A3-9474-1A3956D46DE8}") = "Caching", "Caching", "{076C40E1-1656-4DE4-AD5A-50F9702ED133}"
EndProject
Project("{2150E333-8FDC-42A3-9474-1A3956D46DE8}") = "EventBus", "EventBus", "{39568242-A89C-43FF-8FDE-2299DAB1448B}"
EndProject
Project("{2150E333-8FDC-42A3-9474-1A3956D46DE8}") = "Shared", "Shared", "{136B5447-8028-490F-958C-DFE05C89E69B}"
EndProject
Project("{9A19103F-16F7-4668-BE54-9A1E7A4F7556}") = "Caching", "BuildingBlocks\Caching\Caching\Caching.csproj", "{97F3221F-A9A6-4416-8235-6720F38C5549}"
EndProject
Project("{9A19103F-16F7-4668-BE54-9A1E7A4F7556}") = "Caching.Redis", "BuildingBlocks\Caching\Caching.Redis\Caching.Redis.csproj", "{BB6DB35A-2F8D-444F-994F-3CF3968987A3}"
EndProject
Project("{9A19103F-16F7-4668-BE54-9A1E7A4F7556}") = "EventBus", "BuildingBlocks\EventBus\EventBus\EventBus.csproj", "{FAC33B04-509F-4684-8705-AD57BE7D6DD4}"
EndProject
Project("{9A19103F-16F7-4668-BE54-9A1E7A4F7556}") = "EventBus.IntegrationEventLogEF", "BuildingBlocks\EventBus\EventBus.IntegrationEventLogEF\EventBus.IntegrationEventLogEF.csproj", "{FF8ADDC6-65AC-47C6-833C-068143C33899}"
EndProject
Project("{9A19103F-16F7-4668-BE54-9A1E7A4F7556}") = "EventBus.RabbitMQ", "BuildingBlocks\EventBus\EventBus.RabbitMQ\EventBus.RabbitMQ.csproj", "{B6F1E3FC-1C4B-429C-BE45-907603B717DE}"
EndProject
Project("{2150E333-8FDC-42A3-9474-1A3956D46DE8}") = "Tests", "Tests", "{DCFFA8AC-9DA9-4273-B893-0D085CC48253}"
EndProject
Project("{9A19103F-16F7-4668-BE54-9A1E7A4F7556}") = "EventBus.IntegrationTests", "Tests\EventBus.IntegrationTests\EventBus.IntegrationTests.csproj", "{CD829F9E-23AE-4E4B-B5D0-8CE7AFBD5208}"
EndProject
Project("{9A19103F-16F7-4668-BE54-9A1E7A4F7556}") = "EventBus.RabbitMQ.IntegrationTests", "Tests\EventBus.RabbitMQ.IntegrationTests\EventBus.RabbitMQ.IntegrationTests.csproj", "{FF16E2F5-6760-4F8E-A372-0142381D917E}"
EndProject
Project("{2150E333-8FDC-42A3-9474-1A3956D46DE8}") = "Tests", "Tests", "{62B47D5B-6EF7-43F2-8664-F64AF3CF679B}"
EndProject
Project("{9A19103F-16F7-4668-BE54-9A1E7A4F7556}") = "Caching.IntegrationTests", "Tests\Caching.IntegrationTests\Caching.IntegrationTests.csproj", "{C99733C2-6365-4322-AA9D-046CEB78029E}"
EndProject
Project("{9A19103F-16F7-4668-BE54-9A1E7A4F7556}") = "Caching.Redis.IntegrationTests", "Tests\Caching.Redis.IntegrationTests\Caching.Redis.IntegrationTests.csproj", "{190F7A88-99CD-4733-ABCD-00878E38ADB0}"
EndProject
Project("{9A19103F-16F7-4668-BE54-9A1E7A4F7556}") = "Domain.Shared", "BuildingBlocks\Shared\Domain.Shared\Domain.Shared.csproj", "{C8A0542D-74EC-4FEC-A116-C6D410443F5A}"
EndProject
Project("{9A19103F-16F7-4668-BE54-9A1E7A4F7556}") = "Web.Shared", "BuildingBlocks\Shared\Web.Shared\Web.Shared.csproj", "{701D1187-7BDC-4954-B178-497CCAAE9F6A}"
EndProject
Project("{2150E333-8FDC-42A3-9474-1A3956D46DE8}") = "Services", "Services", "{53F0A0F0-FE5C-4748-A45B-70712708DCC6}"
EndProject
Project("{2150E333-8FDC-42A3-9474-1A3956D46DE8}") = "Identity", "Identity", "{CF020B2D-6F33-4BBF-95D6-23626CA4B31B}"
EndProject
Project("{9A19103F-16F7-4668-BE54-9A1E7A4F7556}") = "Identity.ApplicationCore", "Services\Identity\Identity.ApplicationCore\Identity.ApplicationCore.csproj", "{13CBE685-7048-4D70-8244-B5C165BE88B9}"
EndProject
Project("{9A19103F-16F7-4668-BE54-9A1E7A4F7556}") = "Identity.Infrastructure", "Services\Identity\Identity.Infrastructure\Identity.Infrastructure.csproj", "{E18A9B91-F574-44CB-859A-6126B7986E13}"
EndProject
Project("{9A19103F-16F7-4668-BE54-9A1E7A4F7556}") = "Identity.API", "Services\Identity\Identity.API\Identity.API.csproj", "{9AFBFE2A-E1A7-4E99-8AAD-E15DC40ECEDB}"
EndProject
Project("{9A19103F-16F7-4668-BE54-9A1E7A4F7556}") = "Identity.STS", "Services\Identity\Identity.STS\Identity.STS.csproj", "{166C682E-7FD8-4B91-B6B1-7EADBDFEBFB9}"
EndProject
Project("{9A19103F-16F7-4668-BE54-9A1E7A4F7556}") = "Application.Shared", "BuildingBlocks\Shared\Application.Shared\Application.Shared.csproj", "{FBA918FE-79EB-46ED-8296-57D03DC293E1}"
EndProject
Project("{2150E333-8FDC-42A3-9474-1A3956D46DE8}") = "Web Apps", "Web Apps", "{95A7A296-58C1-45CF-B100-D771CFCE1D15}"
EndProject
Project("{FAE04EC0-301F-11D3-BF4B-00C04F79EFBC}") = "Portal.WebSPA", "WebApps\Portal.WebSPA\Portal.WebSPA.csproj", "{745538A6-4E93-4D89-9F10-C63E9D67D580}"
EndProject
Global
	GlobalSection(SolutionConfigurationPlatforms) = preSolution
		Debug|Any CPU = Debug|Any CPU
		Debug|x64 = Debug|x64
		Debug|x86 = Debug|x86
		Release|Any CPU = Release|Any CPU
		Release|x64 = Release|x64
		Release|x86 = Release|x86
	EndGlobalSection
	GlobalSection(ProjectConfigurationPlatforms) = postSolution
		{97F3221F-A9A6-4416-8235-6720F38C5549}.Debug|Any CPU.ActiveCfg = Debug|Any CPU
		{97F3221F-A9A6-4416-8235-6720F38C5549}.Debug|Any CPU.Build.0 = Debug|Any CPU
		{97F3221F-A9A6-4416-8235-6720F38C5549}.Debug|x64.ActiveCfg = Debug|Any CPU
		{97F3221F-A9A6-4416-8235-6720F38C5549}.Debug|x64.Build.0 = Debug|Any CPU
		{97F3221F-A9A6-4416-8235-6720F38C5549}.Debug|x86.ActiveCfg = Debug|Any CPU
		{97F3221F-A9A6-4416-8235-6720F38C5549}.Debug|x86.Build.0 = Debug|Any CPU
		{97F3221F-A9A6-4416-8235-6720F38C5549}.Release|Any CPU.ActiveCfg = Release|Any CPU
		{97F3221F-A9A6-4416-8235-6720F38C5549}.Release|Any CPU.Build.0 = Release|Any CPU
		{97F3221F-A9A6-4416-8235-6720F38C5549}.Release|x64.ActiveCfg = Release|Any CPU
		{97F3221F-A9A6-4416-8235-6720F38C5549}.Release|x64.Build.0 = Release|Any CPU
		{97F3221F-A9A6-4416-8235-6720F38C5549}.Release|x86.ActiveCfg = Release|Any CPU
		{97F3221F-A9A6-4416-8235-6720F38C5549}.Release|x86.Build.0 = Release|Any CPU
		{BB6DB35A-2F8D-444F-994F-3CF3968987A3}.Debug|Any CPU.ActiveCfg = Debug|Any CPU
		{BB6DB35A-2F8D-444F-994F-3CF3968987A3}.Debug|Any CPU.Build.0 = Debug|Any CPU
		{BB6DB35A-2F8D-444F-994F-3CF3968987A3}.Debug|x64.ActiveCfg = Debug|Any CPU
		{BB6DB35A-2F8D-444F-994F-3CF3968987A3}.Debug|x64.Build.0 = Debug|Any CPU
		{BB6DB35A-2F8D-444F-994F-3CF3968987A3}.Debug|x86.ActiveCfg = Debug|Any CPU
		{BB6DB35A-2F8D-444F-994F-3CF3968987A3}.Debug|x86.Build.0 = Debug|Any CPU
		{BB6DB35A-2F8D-444F-994F-3CF3968987A3}.Release|Any CPU.ActiveCfg = Release|Any CPU
		{BB6DB35A-2F8D-444F-994F-3CF3968987A3}.Release|Any CPU.Build.0 = Release|Any CPU
		{BB6DB35A-2F8D-444F-994F-3CF3968987A3}.Release|x64.ActiveCfg = Release|Any CPU
		{BB6DB35A-2F8D-444F-994F-3CF3968987A3}.Release|x64.Build.0 = Release|Any CPU
		{BB6DB35A-2F8D-444F-994F-3CF3968987A3}.Release|x86.ActiveCfg = Release|Any CPU
		{BB6DB35A-2F8D-444F-994F-3CF3968987A3}.Release|x86.Build.0 = Release|Any CPU
		{FAC33B04-509F-4684-8705-AD57BE7D6DD4}.Debug|Any CPU.ActiveCfg = Debug|Any CPU
		{FAC33B04-509F-4684-8705-AD57BE7D6DD4}.Debug|Any CPU.Build.0 = Debug|Any CPU
		{FAC33B04-509F-4684-8705-AD57BE7D6DD4}.Debug|x64.ActiveCfg = Debug|Any CPU
		{FAC33B04-509F-4684-8705-AD57BE7D6DD4}.Debug|x64.Build.0 = Debug|Any CPU
		{FAC33B04-509F-4684-8705-AD57BE7D6DD4}.Debug|x86.ActiveCfg = Debug|Any CPU
		{FAC33B04-509F-4684-8705-AD57BE7D6DD4}.Debug|x86.Build.0 = Debug|Any CPU
		{FAC33B04-509F-4684-8705-AD57BE7D6DD4}.Release|Any CPU.ActiveCfg = Release|Any CPU
		{FAC33B04-509F-4684-8705-AD57BE7D6DD4}.Release|Any CPU.Build.0 = Release|Any CPU
		{FAC33B04-509F-4684-8705-AD57BE7D6DD4}.Release|x64.ActiveCfg = Release|Any CPU
		{FAC33B04-509F-4684-8705-AD57BE7D6DD4}.Release|x64.Build.0 = Release|Any CPU
		{FAC33B04-509F-4684-8705-AD57BE7D6DD4}.Release|x86.ActiveCfg = Release|Any CPU
		{FAC33B04-509F-4684-8705-AD57BE7D6DD4}.Release|x86.Build.0 = Release|Any CPU
		{FF8ADDC6-65AC-47C6-833C-068143C33899}.Debug|Any CPU.ActiveCfg = Debug|Any CPU
		{FF8ADDC6-65AC-47C6-833C-068143C33899}.Debug|Any CPU.Build.0 = Debug|Any CPU
		{FF8ADDC6-65AC-47C6-833C-068143C33899}.Debug|x64.ActiveCfg = Debug|Any CPU
		{FF8ADDC6-65AC-47C6-833C-068143C33899}.Debug|x64.Build.0 = Debug|Any CPU
		{FF8ADDC6-65AC-47C6-833C-068143C33899}.Debug|x86.ActiveCfg = Debug|Any CPU
		{FF8ADDC6-65AC-47C6-833C-068143C33899}.Debug|x86.Build.0 = Debug|Any CPU
		{FF8ADDC6-65AC-47C6-833C-068143C33899}.Release|Any CPU.ActiveCfg = Release|Any CPU
		{FF8ADDC6-65AC-47C6-833C-068143C33899}.Release|Any CPU.Build.0 = Release|Any CPU
		{FF8ADDC6-65AC-47C6-833C-068143C33899}.Release|x64.ActiveCfg = Release|Any CPU
		{FF8ADDC6-65AC-47C6-833C-068143C33899}.Release|x64.Build.0 = Release|Any CPU
		{FF8ADDC6-65AC-47C6-833C-068143C33899}.Release|x86.ActiveCfg = Release|Any CPU
		{FF8ADDC6-65AC-47C6-833C-068143C33899}.Release|x86.Build.0 = Release|Any CPU
		{B6F1E3FC-1C4B-429C-BE45-907603B717DE}.Debug|Any CPU.ActiveCfg = Debug|Any CPU
		{B6F1E3FC-1C4B-429C-BE45-907603B717DE}.Debug|Any CPU.Build.0 = Debug|Any CPU
		{B6F1E3FC-1C4B-429C-BE45-907603B717DE}.Debug|x64.ActiveCfg = Debug|Any CPU
		{B6F1E3FC-1C4B-429C-BE45-907603B717DE}.Debug|x64.Build.0 = Debug|Any CPU
		{B6F1E3FC-1C4B-429C-BE45-907603B717DE}.Debug|x86.ActiveCfg = Debug|Any CPU
		{B6F1E3FC-1C4B-429C-BE45-907603B717DE}.Debug|x86.Build.0 = Debug|Any CPU
		{B6F1E3FC-1C4B-429C-BE45-907603B717DE}.Release|Any CPU.ActiveCfg = Release|Any CPU
		{B6F1E3FC-1C4B-429C-BE45-907603B717DE}.Release|Any CPU.Build.0 = Release|Any CPU
		{B6F1E3FC-1C4B-429C-BE45-907603B717DE}.Release|x64.ActiveCfg = Release|Any CPU
		{B6F1E3FC-1C4B-429C-BE45-907603B717DE}.Release|x64.Build.0 = Release|Any CPU
		{B6F1E3FC-1C4B-429C-BE45-907603B717DE}.Release|x86.ActiveCfg = Release|Any CPU
		{B6F1E3FC-1C4B-429C-BE45-907603B717DE}.Release|x86.Build.0 = Release|Any CPU
		{CD829F9E-23AE-4E4B-B5D0-8CE7AFBD5208}.Debug|Any CPU.ActiveCfg = Debug|Any CPU
		{CD829F9E-23AE-4E4B-B5D0-8CE7AFBD5208}.Debug|Any CPU.Build.0 = Debug|Any CPU
		{CD829F9E-23AE-4E4B-B5D0-8CE7AFBD5208}.Debug|x64.ActiveCfg = Debug|Any CPU
		{CD829F9E-23AE-4E4B-B5D0-8CE7AFBD5208}.Debug|x64.Build.0 = Debug|Any CPU
		{CD829F9E-23AE-4E4B-B5D0-8CE7AFBD5208}.Debug|x86.ActiveCfg = Debug|Any CPU
		{CD829F9E-23AE-4E4B-B5D0-8CE7AFBD5208}.Debug|x86.Build.0 = Debug|Any CPU
		{CD829F9E-23AE-4E4B-B5D0-8CE7AFBD5208}.Release|Any CPU.ActiveCfg = Release|Any CPU
		{CD829F9E-23AE-4E4B-B5D0-8CE7AFBD5208}.Release|Any CPU.Build.0 = Release|Any CPU
		{CD829F9E-23AE-4E4B-B5D0-8CE7AFBD5208}.Release|x64.ActiveCfg = Release|Any CPU
		{CD829F9E-23AE-4E4B-B5D0-8CE7AFBD5208}.Release|x64.Build.0 = Release|Any CPU
		{CD829F9E-23AE-4E4B-B5D0-8CE7AFBD5208}.Release|x86.ActiveCfg = Release|Any CPU
		{CD829F9E-23AE-4E4B-B5D0-8CE7AFBD5208}.Release|x86.Build.0 = Release|Any CPU
		{FF16E2F5-6760-4F8E-A372-0142381D917E}.Debug|Any CPU.ActiveCfg = Debug|Any CPU
		{FF16E2F5-6760-4F8E-A372-0142381D917E}.Debug|Any CPU.Build.0 = Debug|Any CPU
		{FF16E2F5-6760-4F8E-A372-0142381D917E}.Debug|x64.ActiveCfg = Debug|Any CPU
		{FF16E2F5-6760-4F8E-A372-0142381D917E}.Debug|x64.Build.0 = Debug|Any CPU
		{FF16E2F5-6760-4F8E-A372-0142381D917E}.Debug|x86.ActiveCfg = Debug|Any CPU
		{FF16E2F5-6760-4F8E-A372-0142381D917E}.Debug|x86.Build.0 = Debug|Any CPU
		{FF16E2F5-6760-4F8E-A372-0142381D917E}.Release|Any CPU.ActiveCfg = Release|Any CPU
		{FF16E2F5-6760-4F8E-A372-0142381D917E}.Release|Any CPU.Build.0 = Release|Any CPU
		{FF16E2F5-6760-4F8E-A372-0142381D917E}.Release|x64.ActiveCfg = Release|Any CPU
		{FF16E2F5-6760-4F8E-A372-0142381D917E}.Release|x64.Build.0 = Release|Any CPU
		{FF16E2F5-6760-4F8E-A372-0142381D917E}.Release|x86.ActiveCfg = Release|Any CPU
		{FF16E2F5-6760-4F8E-A372-0142381D917E}.Release|x86.Build.0 = Release|Any CPU
		{C99733C2-6365-4322-AA9D-046CEB78029E}.Debug|Any CPU.ActiveCfg = Debug|Any CPU
		{C99733C2-6365-4322-AA9D-046CEB78029E}.Debug|Any CPU.Build.0 = Debug|Any CPU
		{C99733C2-6365-4322-AA9D-046CEB78029E}.Debug|x64.ActiveCfg = Debug|Any CPU
		{C99733C2-6365-4322-AA9D-046CEB78029E}.Debug|x64.Build.0 = Debug|Any CPU
		{C99733C2-6365-4322-AA9D-046CEB78029E}.Debug|x86.ActiveCfg = Debug|Any CPU
		{C99733C2-6365-4322-AA9D-046CEB78029E}.Debug|x86.Build.0 = Debug|Any CPU
		{C99733C2-6365-4322-AA9D-046CEB78029E}.Release|Any CPU.ActiveCfg = Release|Any CPU
		{C99733C2-6365-4322-AA9D-046CEB78029E}.Release|Any CPU.Build.0 = Release|Any CPU
		{C99733C2-6365-4322-AA9D-046CEB78029E}.Release|x64.ActiveCfg = Release|Any CPU
		{C99733C2-6365-4322-AA9D-046CEB78029E}.Release|x64.Build.0 = Release|Any CPU
		{C99733C2-6365-4322-AA9D-046CEB78029E}.Release|x86.ActiveCfg = Release|Any CPU
		{C99733C2-6365-4322-AA9D-046CEB78029E}.Release|x86.Build.0 = Release|Any CPU
		{190F7A88-99CD-4733-ABCD-00878E38ADB0}.Debug|Any CPU.ActiveCfg = Debug|Any CPU
		{190F7A88-99CD-4733-ABCD-00878E38ADB0}.Debug|Any CPU.Build.0 = Debug|Any CPU
		{190F7A88-99CD-4733-ABCD-00878E38ADB0}.Debug|x64.ActiveCfg = Debug|Any CPU
		{190F7A88-99CD-4733-ABCD-00878E38ADB0}.Debug|x64.Build.0 = Debug|Any CPU
		{190F7A88-99CD-4733-ABCD-00878E38ADB0}.Debug|x86.ActiveCfg = Debug|Any CPU
		{190F7A88-99CD-4733-ABCD-00878E38ADB0}.Debug|x86.Build.0 = Debug|Any CPU
		{190F7A88-99CD-4733-ABCD-00878E38ADB0}.Release|Any CPU.ActiveCfg = Release|Any CPU
		{190F7A88-99CD-4733-ABCD-00878E38ADB0}.Release|Any CPU.Build.0 = Release|Any CPU
		{190F7A88-99CD-4733-ABCD-00878E38ADB0}.Release|x64.ActiveCfg = Release|Any CPU
		{190F7A88-99CD-4733-ABCD-00878E38ADB0}.Release|x64.Build.0 = Release|Any CPU
		{190F7A88-99CD-4733-ABCD-00878E38ADB0}.Release|x86.ActiveCfg = Release|Any CPU
		{190F7A88-99CD-4733-ABCD-00878E38ADB0}.Release|x86.Build.0 = Release|Any CPU
		{C8A0542D-74EC-4FEC-A116-C6D410443F5A}.Debug|Any CPU.ActiveCfg = Debug|Any CPU
		{C8A0542D-74EC-4FEC-A116-C6D410443F5A}.Debug|Any CPU.Build.0 = Debug|Any CPU
		{C8A0542D-74EC-4FEC-A116-C6D410443F5A}.Debug|x64.ActiveCfg = Debug|Any CPU
		{C8A0542D-74EC-4FEC-A116-C6D410443F5A}.Debug|x64.Build.0 = Debug|Any CPU
		{C8A0542D-74EC-4FEC-A116-C6D410443F5A}.Debug|x86.ActiveCfg = Debug|Any CPU
		{C8A0542D-74EC-4FEC-A116-C6D410443F5A}.Debug|x86.Build.0 = Debug|Any CPU
		{C8A0542D-74EC-4FEC-A116-C6D410443F5A}.Release|Any CPU.ActiveCfg = Release|Any CPU
		{C8A0542D-74EC-4FEC-A116-C6D410443F5A}.Release|Any CPU.Build.0 = Release|Any CPU
		{C8A0542D-74EC-4FEC-A116-C6D410443F5A}.Release|x64.ActiveCfg = Release|Any CPU
		{C8A0542D-74EC-4FEC-A116-C6D410443F5A}.Release|x64.Build.0 = Release|Any CPU
		{C8A0542D-74EC-4FEC-A116-C6D410443F5A}.Release|x86.ActiveCfg = Release|Any CPU
		{C8A0542D-74EC-4FEC-A116-C6D410443F5A}.Release|x86.Build.0 = Release|Any CPU
		{701D1187-7BDC-4954-B178-497CCAAE9F6A}.Debug|Any CPU.ActiveCfg = Debug|Any CPU
		{701D1187-7BDC-4954-B178-497CCAAE9F6A}.Debug|Any CPU.Build.0 = Debug|Any CPU
		{701D1187-7BDC-4954-B178-497CCAAE9F6A}.Debug|x64.ActiveCfg = Debug|Any CPU
		{701D1187-7BDC-4954-B178-497CCAAE9F6A}.Debug|x64.Build.0 = Debug|Any CPU
		{701D1187-7BDC-4954-B178-497CCAAE9F6A}.Debug|x86.ActiveCfg = Debug|Any CPU
		{701D1187-7BDC-4954-B178-497CCAAE9F6A}.Debug|x86.Build.0 = Debug|Any CPU
		{701D1187-7BDC-4954-B178-497CCAAE9F6A}.Release|Any CPU.ActiveCfg = Release|Any CPU
		{701D1187-7BDC-4954-B178-497CCAAE9F6A}.Release|Any CPU.Build.0 = Release|Any CPU
		{701D1187-7BDC-4954-B178-497CCAAE9F6A}.Release|x64.ActiveCfg = Release|Any CPU
		{701D1187-7BDC-4954-B178-497CCAAE9F6A}.Release|x64.Build.0 = Release|Any CPU
		{701D1187-7BDC-4954-B178-497CCAAE9F6A}.Release|x86.ActiveCfg = Release|Any CPU
		{701D1187-7BDC-4954-B178-497CCAAE9F6A}.Release|x86.Build.0 = Release|Any CPU
		{13CBE685-7048-4D70-8244-B5C165BE88B9}.Debug|Any CPU.ActiveCfg = Debug|Any CPU
		{13CBE685-7048-4D70-8244-B5C165BE88B9}.Debug|Any CPU.Build.0 = Debug|Any CPU
		{13CBE685-7048-4D70-8244-B5C165BE88B9}.Debug|x64.ActiveCfg = Debug|Any CPU
		{13CBE685-7048-4D70-8244-B5C165BE88B9}.Debug|x64.Build.0 = Debug|Any CPU
		{13CBE685-7048-4D70-8244-B5C165BE88B9}.Debug|x86.ActiveCfg = Debug|Any CPU
		{13CBE685-7048-4D70-8244-B5C165BE88B9}.Debug|x86.Build.0 = Debug|Any CPU
		{13CBE685-7048-4D70-8244-B5C165BE88B9}.Release|Any CPU.ActiveCfg = Release|Any CPU
		{13CBE685-7048-4D70-8244-B5C165BE88B9}.Release|Any CPU.Build.0 = Release|Any CPU
		{13CBE685-7048-4D70-8244-B5C165BE88B9}.Release|x64.ActiveCfg = Release|Any CPU
		{13CBE685-7048-4D70-8244-B5C165BE88B9}.Release|x64.Build.0 = Release|Any CPU
		{13CBE685-7048-4D70-8244-B5C165BE88B9}.Release|x86.ActiveCfg = Release|Any CPU
		{13CBE685-7048-4D70-8244-B5C165BE88B9}.Release|x86.Build.0 = Release|Any CPU
		{E18A9B91-F574-44CB-859A-6126B7986E13}.Debug|Any CPU.ActiveCfg = Debug|Any CPU
		{E18A9B91-F574-44CB-859A-6126B7986E13}.Debug|Any CPU.Build.0 = Debug|Any CPU
		{E18A9B91-F574-44CB-859A-6126B7986E13}.Debug|x64.ActiveCfg = Debug|Any CPU
		{E18A9B91-F574-44CB-859A-6126B7986E13}.Debug|x64.Build.0 = Debug|Any CPU
		{E18A9B91-F574-44CB-859A-6126B7986E13}.Debug|x86.ActiveCfg = Debug|Any CPU
		{E18A9B91-F574-44CB-859A-6126B7986E13}.Debug|x86.Build.0 = Debug|Any CPU
		{E18A9B91-F574-44CB-859A-6126B7986E13}.Release|Any CPU.ActiveCfg = Release|Any CPU
		{E18A9B91-F574-44CB-859A-6126B7986E13}.Release|Any CPU.Build.0 = Release|Any CPU
		{E18A9B91-F574-44CB-859A-6126B7986E13}.Release|x64.ActiveCfg = Release|Any CPU
		{E18A9B91-F574-44CB-859A-6126B7986E13}.Release|x64.Build.0 = Release|Any CPU
		{E18A9B91-F574-44CB-859A-6126B7986E13}.Release|x86.ActiveCfg = Release|Any CPU
		{E18A9B91-F574-44CB-859A-6126B7986E13}.Release|x86.Build.0 = Release|Any CPU
		{9AFBFE2A-E1A7-4E99-8AAD-E15DC40ECEDB}.Debug|Any CPU.ActiveCfg = Debug|Any CPU
		{9AFBFE2A-E1A7-4E99-8AAD-E15DC40ECEDB}.Debug|Any CPU.Build.0 = Debug|Any CPU
		{9AFBFE2A-E1A7-4E99-8AAD-E15DC40ECEDB}.Debug|x64.ActiveCfg = Debug|Any CPU
		{9AFBFE2A-E1A7-4E99-8AAD-E15DC40ECEDB}.Debug|x64.Build.0 = Debug|Any CPU
		{9AFBFE2A-E1A7-4E99-8AAD-E15DC40ECEDB}.Debug|x86.ActiveCfg = Debug|Any CPU
		{9AFBFE2A-E1A7-4E99-8AAD-E15DC40ECEDB}.Debug|x86.Build.0 = Debug|Any CPU
		{9AFBFE2A-E1A7-4E99-8AAD-E15DC40ECEDB}.Release|Any CPU.ActiveCfg = Release|Any CPU
		{9AFBFE2A-E1A7-4E99-8AAD-E15DC40ECEDB}.Release|Any CPU.Build.0 = Release|Any CPU
		{9AFBFE2A-E1A7-4E99-8AAD-E15DC40ECEDB}.Release|x64.ActiveCfg = Release|Any CPU
		{9AFBFE2A-E1A7-4E99-8AAD-E15DC40ECEDB}.Release|x64.Build.0 = Release|Any CPU
		{9AFBFE2A-E1A7-4E99-8AAD-E15DC40ECEDB}.Release|x86.ActiveCfg = Release|Any CPU
		{9AFBFE2A-E1A7-4E99-8AAD-E15DC40ECEDB}.Release|x86.Build.0 = Release|Any CPU
		{166C682E-7FD8-4B91-B6B1-7EADBDFEBFB9}.Debug|Any CPU.ActiveCfg = Debug|Any CPU
		{166C682E-7FD8-4B91-B6B1-7EADBDFEBFB9}.Debug|Any CPU.Build.0 = Debug|Any CPU
		{166C682E-7FD8-4B91-B6B1-7EADBDFEBFB9}.Debug|x64.ActiveCfg = Debug|Any CPU
		{166C682E-7FD8-4B91-B6B1-7EADBDFEBFB9}.Debug|x64.Build.0 = Debug|Any CPU
		{166C682E-7FD8-4B91-B6B1-7EADBDFEBFB9}.Debug|x86.ActiveCfg = Debug|Any CPU
		{166C682E-7FD8-4B91-B6B1-7EADBDFEBFB9}.Debug|x86.Build.0 = Debug|Any CPU
		{166C682E-7FD8-4B91-B6B1-7EADBDFEBFB9}.Release|Any CPU.ActiveCfg = Release|Any CPU
		{166C682E-7FD8-4B91-B6B1-7EADBDFEBFB9}.Release|Any CPU.Build.0 = Release|Any CPU
		{166C682E-7FD8-4B91-B6B1-7EADBDFEBFB9}.Release|x64.ActiveCfg = Release|Any CPU
		{166C682E-7FD8-4B91-B6B1-7EADBDFEBFB9}.Release|x64.Build.0 = Release|Any CPU
		{166C682E-7FD8-4B91-B6B1-7EADBDFEBFB9}.Release|x86.ActiveCfg = Release|Any CPU
		{166C682E-7FD8-4B91-B6B1-7EADBDFEBFB9}.Release|x86.Build.0 = Release|Any CPU
		{FBA918FE-79EB-46ED-8296-57D03DC293E1}.Debug|Any CPU.ActiveCfg = Debug|Any CPU
		{FBA918FE-79EB-46ED-8296-57D03DC293E1}.Debug|Any CPU.Build.0 = Debug|Any CPU
		{FBA918FE-79EB-46ED-8296-57D03DC293E1}.Debug|x64.ActiveCfg = Debug|Any CPU
		{FBA918FE-79EB-46ED-8296-57D03DC293E1}.Debug|x64.Build.0 = Debug|Any CPU
		{FBA918FE-79EB-46ED-8296-57D03DC293E1}.Debug|x86.ActiveCfg = Debug|Any CPU
		{FBA918FE-79EB-46ED-8296-57D03DC293E1}.Debug|x86.Build.0 = Debug|Any CPU
		{FBA918FE-79EB-46ED-8296-57D03DC293E1}.Release|Any CPU.ActiveCfg = Release|Any CPU
		{FBA918FE-79EB-46ED-8296-57D03DC293E1}.Release|Any CPU.Build.0 = Release|Any CPU
		{FBA918FE-79EB-46ED-8296-57D03DC293E1}.Release|x64.ActiveCfg = Release|Any CPU
		{FBA918FE-79EB-46ED-8296-57D03DC293E1}.Release|x64.Build.0 = Release|Any CPU
		{FBA918FE-79EB-46ED-8296-57D03DC293E1}.Release|x86.ActiveCfg = Release|Any CPU
		{FBA918FE-79EB-46ED-8296-57D03DC293E1}.Release|x86.Build.0 = Release|Any CPU
		{745538A6-4E93-4D89-9F10-C63E9D67D580}.Debug|Any CPU.ActiveCfg = Debug|Any CPU
		{745538A6-4E93-4D89-9F10-C63E9D67D580}.Debug|Any CPU.Build.0 = Debug|Any CPU
		{745538A6-4E93-4D89-9F10-C63E9D67D580}.Debug|x64.ActiveCfg = Debug|Any CPU
		{745538A6-4E93-4D89-9F10-C63E9D67D580}.Debug|x64.Build.0 = Debug|Any CPU
		{745538A6-4E93-4D89-9F10-C63E9D67D580}.Debug|x86.ActiveCfg = Debug|Any CPU
		{745538A6-4E93-4D89-9F10-C63E9D67D580}.Debug|x86.Build.0 = Debug|Any CPU
		{745538A6-4E93-4D89-9F10-C63E9D67D580}.Release|Any CPU.ActiveCfg = Release|Any CPU
		{745538A6-4E93-4D89-9F10-C63E9D67D580}.Release|Any CPU.Build.0 = Release|Any CPU
		{745538A6-4E93-4D89-9F10-C63E9D67D580}.Release|x64.ActiveCfg = Release|Any CPU
		{745538A6-4E93-4D89-9F10-C63E9D67D580}.Release|x64.Build.0 = Release|Any CPU
		{745538A6-4E93-4D89-9F10-C63E9D67D580}.Release|x86.ActiveCfg = Release|Any CPU
		{745538A6-4E93-4D89-9F10-C63E9D67D580}.Release|x86.Build.0 = Release|Any CPU
	EndGlobalSection
	GlobalSection(SolutionProperties) = preSolution
		HideSolutionNode = FALSE
	EndGlobalSection
	GlobalSection(NestedProjects) = preSolution
		{F2533847-EB6D-488F-B221-EDAB49AB87DE} = {6EFECC3C-35A4-4647-9D5D-B668E5CAC96F}
		{076C40E1-1656-4DE4-AD5A-50F9702ED133} = {F2533847-EB6D-488F-B221-EDAB49AB87DE}
		{39568242-A89C-43FF-8FDE-2299DAB1448B} = {F2533847-EB6D-488F-B221-EDAB49AB87DE}
		{136B5447-8028-490F-958C-DFE05C89E69B} = {F2533847-EB6D-488F-B221-EDAB49AB87DE}
		{97F3221F-A9A6-4416-8235-6720F38C5549} = {076C40E1-1656-4DE4-AD5A-50F9702ED133}
		{BB6DB35A-2F8D-444F-994F-3CF3968987A3} = {076C40E1-1656-4DE4-AD5A-50F9702ED133}
		{FAC33B04-509F-4684-8705-AD57BE7D6DD4} = {39568242-A89C-43FF-8FDE-2299DAB1448B}
		{FF8ADDC6-65AC-47C6-833C-068143C33899} = {39568242-A89C-43FF-8FDE-2299DAB1448B}
		{B6F1E3FC-1C4B-429C-BE45-907603B717DE} = {39568242-A89C-43FF-8FDE-2299DAB1448B}
		{DCFFA8AC-9DA9-4273-B893-0D085CC48253} = {39568242-A89C-43FF-8FDE-2299DAB1448B}
		{CD829F9E-23AE-4E4B-B5D0-8CE7AFBD5208} = {DCFFA8AC-9DA9-4273-B893-0D085CC48253}
		{FF16E2F5-6760-4F8E-A372-0142381D917E} = {DCFFA8AC-9DA9-4273-B893-0D085CC48253}
		{62B47D5B-6EF7-43F2-8664-F64AF3CF679B} = {076C40E1-1656-4DE4-AD5A-50F9702ED133}
		{C99733C2-6365-4322-AA9D-046CEB78029E} = {62B47D5B-6EF7-43F2-8664-F64AF3CF679B}
		{190F7A88-99CD-4733-ABCD-00878E38ADB0} = {62B47D5B-6EF7-43F2-8664-F64AF3CF679B}
		{C8A0542D-74EC-4FEC-A116-C6D410443F5A} = {136B5447-8028-490F-958C-DFE05C89E69B}
		{701D1187-7BDC-4954-B178-497CCAAE9F6A} = {136B5447-8028-490F-958C-DFE05C89E69B}
		{53F0A0F0-FE5C-4748-A45B-70712708DCC6} = {6EFECC3C-35A4-4647-9D5D-B668E5CAC96F}
		{CF020B2D-6F33-4BBF-95D6-23626CA4B31B} = {53F0A0F0-FE5C-4748-A45B-70712708DCC6}
		{13CBE685-7048-4D70-8244-B5C165BE88B9} = {CF020B2D-6F33-4BBF-95D6-23626CA4B31B}
		{E18A9B91-F574-44CB-859A-6126B7986E13} = {CF020B2D-6F33-4BBF-95D6-23626CA4B31B}
		{9AFBFE2A-E1A7-4E99-8AAD-E15DC40ECEDB} = {CF020B2D-6F33-4BBF-95D6-23626CA4B31B}
		{166C682E-7FD8-4B91-B6B1-7EADBDFEBFB9} = {CF020B2D-6F33-4BBF-95D6-23626CA4B31B}
		{FBA918FE-79EB-46ED-8296-57D03DC293E1} = {136B5447-8028-490F-958C-DFE05C89E69B}
		{95A7A296-58C1-45CF-B100-D771CFCE1D15} = {6EFECC3C-35A4-4647-9D5D-B668E5CAC96F}
		{745538A6-4E93-4D89-9F10-C63E9D67D580} = {95A7A296-58C1-45CF-B100-D771CFCE1D15}
	EndGlobalSection
	GlobalSection(ExtensibilityGlobals) = postSolution
		SolutionGuid = {2C727DE7-287A-404D-B453-C180A0AB27FF}
	EndGlobalSection
EndGlobal
